{
  "name": "web-app-ux-auditor-skill",
  "version": "0.2.0",
  "lockfileVersion": 3,
  "requires": true,
  "packages": {
    "": {
      "name": "web-app-ux-auditor-skill",
      "version": "0.2.0",
      "license": "MIT",
      "bin": {
        "web-app-ux-auditor": "bin/install.js",
        "web-app-ux-auditor-skill": "bin/install.js"
      },
      "engines": {
        "node": "^22.0.0 || ^24.0.0 || ^26.0.0"
      }
    }
  }
}
